// !$*UTF8*$!
{
	archiveVersion = 1;
	classes = {
	};
	objectVersion = 56;
	objects = {

/* Begin PBXBuildFile section */
		F69289F0291AF8F40027AA96 /* SpotifySearchResultsResponse.swift in Sources */ = {isa = PBXBuildFile; fileRef = F69289EF291AF8F40027AA96 /* SpotifySearchResultsResponse.swift */; };
		F69289F2291AF9B70027AA96 /* AudioTrack.swift in Sources */ = {isa = PBXBuildFile; fileRef = F69289F1291AF9B70027AA96 /* AudioTrack.swift */; };
		F69289F4291AFA1A0027AA96 /* Artist.swift in Sources */ = {isa = PBXBuildFile; fileRef = F69289F3291AFA1A0027AA96 /* Artist.swift */; };
		F69289FB291AFC7C0027AA96 /* SearchResult.swift in Sources */ = {isa = PBXBuildFile; fileRef = F69289FA291AFC7C0027AA96 /* SearchResult.swift */; };
		F69289FD291B049E0027AA96 /* SearchResultsVC.swift in Sources */ = {isa = PBXBuildFile; fileRef = F69289FC291B049E0027AA96 /* SearchResultsVC.swift */; };
		F696E9E7290EF87C00D2C698 /* AppDelegate.swift in Sources */ = {isa = PBXBuildFile; fileRef = F696E9E6290EF87C00D2C698 /* AppDelegate.swift */; };
		F696E9E9290EF87C00D2C698 /* SceneDelegate.swift in Sources */ = {isa = PBXBuildFile; fileRef = F696E9E8290EF87C00D2C698 /* SceneDelegate.swift */; };
		F696E9F0290EF87D00D2C698 /* Assets.xcassets in Resources */ = {isa = PBXBuildFile; fileRef = F696E9EF290EF87D00D2C698 /* Assets.xcassets */; };
		F696E9FD290EFB6200D2C698 /* TabBarVC.swift in Sources */ = {isa = PBXBuildFile; fileRef = F696E9FC290EFB6200D2C698 /* TabBarVC.swift */; };
		F696E9FF290EFB8C00D2C698 /* PlaylistVC.swift in Sources */ = {isa = PBXBuildFile; fileRef = F696E9FE290EFB8C00D2C698 /* PlaylistVC.swift */; };
		F696EA01290EFB9600D2C698 /* SearchVC.swift in Sources */ = {isa = PBXBuildFile; fileRef = F696EA00290EFB9600D2C698 /* SearchVC.swift */; };
		F696EA03290EFB9E00D2C698 /* LoginVC.swift in Sources */ = {isa = PBXBuildFile; fileRef = F696EA02290EFB9E00D2C698 /* LoginVC.swift */; };
		F696EA05290F584B00D2C698 /* LoginCell.swift in Sources */ = {isa = PBXBuildFile; fileRef = F696EA04290F584B00D2C698 /* LoginCell.swift */; };
		F6CEAF472919B941003253EA /* SpotifyAuthResponse.swift in Sources */ = {isa = PBXBuildFile; fileRef = F6CEAF462919B941003253EA /* SpotifyAuthResponse.swift */; };
		F6CEAF492919C22A003253EA /* SpotifyAPICaller.swift in Sources */ = {isa = PBXBuildFile; fileRef = F6CEAF482919C22A003253EA /* SpotifyAPICaller.swift */; };
		F6EE1E282919A5220038ECE6 /* SpotifyAuthVC.swift in Sources */ = {isa = PBXBuildFile; fileRef = F6EE1E272919A5220038ECE6 /* SpotifyAuthVC.swift */; };
		F6EE1E2B2919A8E70038ECE6 /* SpotifyAuthManager.swift in Sources */ = {isa = PBXBuildFile; fileRef = F6EE1E2A2919A8E70038ECE6 /* SpotifyAuthManager.swift */; };
/* End PBXBuildFile section */

/* Begin PBXFileReference section */
		F69289EF291AF8F40027AA96 /* SpotifySearchResultsResponse.swift */ = {isa = PBXFileReference; lastKnownFileType = sourcecode.swift; path = SpotifySearchResultsResponse.swift; sourceTree = "<group>"; };
		F69289F1291AF9B70027AA96 /* AudioTrack.swift */ = {isa = PBXFileReference; lastKnownFileType = sourcecode.swift; path = AudioTrack.swift; sourceTree = "<group>"; };
		F69289F3291AFA1A0027AA96 /* Artist.swift */ = {isa = PBXFileReference; lastKnownFileType = sourcecode.swift; path = Artist.swift; sourceTree = "<group>"; };
		F69289FA291AFC7C0027AA96 /* SearchResult.swift */ = {isa = PBXFileReference; lastKnownFileType = sourcecode.swift; path = SearchResult.swift; sourceTree = "<group>"; };
		F69289FC291B049E0027AA96 /* SearchResultsVC.swift */ = {isa = PBXFileReference; lastKnownFileType = sourcecode.swift; path = SearchResultsVC.swift; sourceTree = "<group>"; };
		F696E9E3290EF87C00D2C698 /* Musig.app */ = {isa = PBXFileReference; explicitFileType = wrapper.application; includeInIndex = 0; path = Musig.app; sourceTree = BUILT_PRODUCTS_DIR; };
		F696E9E6290EF87C00D2C698 /* AppDelegate.swift */ = {isa = PBXFileReference; lastKnownFileType = sourcecode.swift; path = AppDelegate.swift; sourceTree = "<group>"; };
		F696E9E8290EF87C00D2C698 /* SceneDelegate.swift */ = {isa = PBXFileReference; lastKnownFileType = sourcecode.swift; path = SceneDelegate.swift; sourceTree = "<group>"; };
		F696E9EF290EF87D00D2C698 /* Assets.xcassets */ = {isa = PBXFileReference; lastKnownFileType = folder.assetcatalog; path = Assets.xcassets; sourceTree = "<group>"; };
		F696E9F4290EF87D00D2C698 /* Info.plist */ = {isa = PBXFileReference; lastKnownFileType = text.plist.xml; path = Info.plist; sourceTree = "<group>"; };
		F696E9FC290EFB6200D2C698 /* TabBarVC.swift */ = {isa = PBXFileReference; lastKnownFileType = sourcecode.swift; path = TabBarVC.swift; sourceTree = "<group>"; };
		F696E9FE290EFB8C00D2C698 /* PlaylistVC.swift */ = {isa = PBXFileReference; lastKnownFileType = sourcecode.swift; path = PlaylistVC.swift; sourceTree = "<group>"; };
		F696EA00290EFB9600D2C698 /* SearchVC.swift */ = {isa = PBXFileReference; lastKnownFileType = sourcecode.swift; path = SearchVC.swift; sourceTree = "<group>"; };
		F696EA02290EFB9E00D2C698 /* LoginVC.swift */ = {isa = PBXFileReference; lastKnownFileType = sourcecode.swift; path = LoginVC.swift; sourceTree = "<group>"; };
		F696EA04290F584B00D2C698 /* LoginCell.swift */ = {isa = PBXFileReference; lastKnownFileType = sourcecode.swift; path = LoginCell.swift; sourceTree = "<group>"; };
		F6CEAF462919B941003253EA /* SpotifyAuthResponse.swift */ = {isa = PBXFileReference; lastKnownFileType = sourcecode.swift; path = SpotifyAuthResponse.swift; sourceTree = "<group>"; };
		F6CEAF482919C22A003253EA /* SpotifyAPICaller.swift */ = {isa = PBXFileReference; lastKnownFileType = sourcecode.swift; path = SpotifyAPICaller.swift; sourceTree = "<group>"; };
		F6EE1E272919A5220038ECE6 /* SpotifyAuthVC.swift */ = {isa = PBXFileReference; lastKnownFileType = sourcecode.swift; path = SpotifyAuthVC.swift; sourceTree = "<group>"; };
		F6EE1E2A2919A8E70038ECE6 /* SpotifyAuthManager.swift */ = {isa = PBXFileReference; lastKnownFileType = sourcecode.swift; path = SpotifyAuthManager.swift; sourceTree = "<group>"; };
/* End PBXFileReference section */

/* Begin PBXFrameworksBuildPhase section */
		F696E9E0290EF87C00D2C698 /* Frameworks */ = {
			isa = PBXFrameworksBuildPhase;
			buildActionMask = 2147483647;
			files = (
			);
			runOnlyForDeploymentPostprocessing = 0;
		};
/* End PBXFrameworksBuildPhase section */

/* Begin PBXGroup section */
		F68255D1291ED9D70066E884 /* Apple Music */ = {
			isa = PBXGroup;
			children = (
			);
			path = "Apple Music";
			sourceTree = "<group>";
		};
		F69289F7291AFA360027AA96 /* Models */ = {
			isa = PBXGroup;
			children = (
				F69289F1291AF9B70027AA96 /* AudioTrack.swift */,
				F69289F3291AFA1A0027AA96 /* Artist.swift */,
			);
			path = Models;
			sourceTree = "<group>";
		};
		F696E9DA290EF87C00D2C698 = {
			isa = PBXGroup;
			children = (
				F696E9E5290EF87C00D2C698 /* Musig */,
				F696E9E4290EF87C00D2C698 /* Products */,
			);
			sourceTree = "<group>";
		};
		F696E9E4290EF87C00D2C698 /* Products */ = {
			isa = PBXGroup;
			children = (
				F696E9E3290EF87C00D2C698 /* Musig.app */,
			);
			name = Products;
			sourceTree = "<group>";
		};
		F696E9E5290EF87C00D2C698 /* Musig */ = {
			isa = PBXGroup;
			children = (
				F68255D1291ED9D70066E884 /* Apple Music */,
				F6EE1E292919A8CF0038ECE6 /* Spotify */,
				F696EA06290F586000D2C698 /* Cells */,
				F696E9FA290EF89F00D2C698 /* Resources */,
				F696E9FB290EFB1400D2C698 /* VCs */,
			);
			path = Musig;
			sourceTree = "<group>";
		};
		F696E9FA290EF89F00D2C698 /* Resources */ = {
			isa = PBXGroup;
			children = (
				F696E9E6290EF87C00D2C698 /* AppDelegate.swift */,
				F696E9E8290EF87C00D2C698 /* SceneDelegate.swift */,
				F696E9EF290EF87D00D2C698 /* Assets.xcassets */,
				F696E9F4290EF87D00D2C698 /* Info.plist */,
			);
			path = Resources;
			sourceTree = "<group>";
		};
		F696E9FB290EFB1400D2C698 /* VCs */ = {
			isa = PBXGroup;
			children = (
				F696E9FC290EFB6200D2C698 /* TabBarVC.swift */,
				F696EA02290EFB9E00D2C698 /* LoginVC.swift */,
				F696E9FE290EFB8C00D2C698 /* PlaylistVC.swift */,
				F696EA00290EFB9600D2C698 /* SearchVC.swift */,
				F69289FC291B049E0027AA96 /* SearchResultsVC.swift */,
			);
			path = VCs;
			sourceTree = "<group>";
		};
		F696EA06290F586000D2C698 /* Cells */ = {
			isa = PBXGroup;
			children = (
				F696EA04290F584B00D2C698 /* LoginCell.swift */,
			);
			path = Cells;
			sourceTree = "<group>";
		};
		F6EE1E292919A8CF0038ECE6 /* Spotify */ = {
			isa = PBXGroup;
			children = (
				F69289F7291AFA360027AA96 /* Models */,
				F6EE1E272919A5220038ECE6 /* SpotifyAuthVC.swift */,
				F6EE1E2A2919A8E70038ECE6 /* SpotifyAuthManager.swift */,
				F6CEAF462919B941003253EA /* SpotifyAuthResponse.swift */,
				F6CEAF482919C22A003253EA /* SpotifyAPICaller.swift */,
				F69289EF291AF8F40027AA96 /* SpotifySearchResultsResponse.swift */,
				F69289FA291AFC7C0027AA96 /* SearchResult.swift */,
			);
			path = Spotify;
			sourceTree = "<group>";
		};
/* End PBXGroup section */

/* Begin PBXNativeTarget section */
		F696E9E2290EF87C00D2C698 /* Musig */ = {
			isa = PBXNativeTarget;
			buildConfigurationList = F696E9F7290EF87D00D2C698 /* Build configuration list for PBXNativeTarget "Musig" */;
			buildPhases = (
				F696E9DF290EF87C00D2C698 /* Sources */,
				F696E9E0290EF87C00D2C698 /* Frameworks */,
				F696E9E1290EF87C00D2C698 /* Resources */,
			);
			buildRules = (
			);
			dependencies = (
			);
			name = Musig;
			productName = Musig;
			productReference = F696E9E3290EF87C00D2C698 /* Musig.app */;
			productType = "com.apple.product-type.application";
		};
/* End PBXNativeTarget section */

/* Begin PBXProject section */
		F696E9DB290EF87C00D2C698 /* Project object */ = {
			isa = PBXProject;
			attributes = {
				BuildIndependentTargetsInParallel = 1;
				LastSwiftUpdateCheck = 1400;
				LastUpgradeCheck = 1400;
				TargetAttributes = {
					F696E9E2290EF87C00D2C698 = {
						CreatedOnToolsVersion = 14.0.1;
					};
				};
			};
			buildConfigurationList = F696E9DE290EF87C00D2C698 /* Build configuration list for PBXProject "Musig" */;
			compatibilityVersion = "Xcode 14.0";
			developmentRegion = en;
			hasScannedForEncodings = 0;
			knownRegions = (
				en,
				Base,
			);
			mainGroup = F696E9DA290EF87C00D2C698;
			productRefGroup = F696E9E4290EF87C00D2C698 /* Products */;
			projectDirPath = "";
			projectRoot = "";
			targets = (
				F696E9E2290EF87C00D2C698 /* Musig */,
			);
		};
/* End PBXProject section */

/* Begin PBXResourcesBuildPhase section */
		F696E9E1290EF87C00D2C698 /* Resources */ = {
			isa = PBXResourcesBuildPhase;
			buildActionMask = 2147483647;
			files = (
				F696E9F0290EF87D00D2C698 /* Assets.xcassets in Resources */,
			);
			runOnlyForDeploymentPostprocessing = 0;
		};
/* End PBXResourcesBuildPhase section */

/* Begin PBXSourcesBuildPhase section */
		F696E9DF290EF87C00D2C698 /* Sources */ = {
			isa = PBXSourcesBuildPhase;
			buildActionMask = 2147483647;
			files = (
				F696E9E7290EF87C00D2C698 /* AppDelegate.swift in Sources */,
				F69289FD291B049E0027AA96 /* SearchResultsVC.swift in Sources */,
				F696EA05290F584B00D2C698 /* LoginCell.swift in Sources */,
				F69289F0291AF8F40027AA96 /* SpotifySearchResultsResponse.swift in Sources */,
				F696EA01290EFB9600D2C698 /* SearchVC.swift in Sources */,
				F696EA03290EFB9E00D2C698 /* LoginVC.swift in Sources */,
				F6EE1E282919A5220038ECE6 /* SpotifyAuthVC.swift in Sources */,
				F69289F4291AFA1A0027AA96 /* Artist.swift in Sources */,
				F69289FB291AFC7C0027AA96 /* SearchResult.swift in Sources */,
				F696E9FD290EFB6200D2C698 /* TabBarVC.swift in Sources */,
				F6EE1E2B2919A8E70038ECE6 /* SpotifyAuthManager.swift in Sources */,
				F696E9FF290EFB8C00D2C698 /* PlaylistVC.swift in Sources */,
				F6CEAF492919C22A003253EA /* SpotifyAPICaller.swift in Sources */,
				F6CEAF472919B941003253EA /* SpotifyAuthResponse.swift in Sources */,
				F696E9E9290EF87C00D2C698 /* SceneDelegate.swift in Sources */,
				F69289F2291AF9B70027AA96 /* AudioTrack.swift in Sources */,
			);
			runOnlyForDeploymentPostprocessing = 0;
		};
/* End PBXSourcesBuildPhase section */

/* Begin XCBuildConfiguration section */
		F696E9F5290EF87D00D2C698 /* Debug */ = {
			isa = XCBuildConfiguration;
			buildSettings = {
				ALWAYS_SEARCH_USER_PATHS = NO;
				CLANG_ANALYZER_NONNULL = YES;
				CLANG_ANALYZER_NUMBER_OBJECT_CONVERSION = YES_AGGRESSIVE;
				CLANG_CXX_LANGUAGE_STANDARD = "gnu++20";
				CLANG_ENABLE_MODULES = YES;
				CLANG_ENABLE_OBJC_ARC = YES;
				CLANG_ENABLE_OBJC_WEAK = YES;
				CLANG_WARN_BLOCK_CAPTURE_AUTORELEASING = YES;
				CLANG_WARN_BOOL_CONVERSION = YES;
				CLANG_WARN_COMMA = YES;
				CLANG_WARN_CONSTANT_CONVERSION = YES;
				CLANG_WARN_DEPRECATED_OBJC_IMPLEMENTATIONS = YES;
				CLANG_WARN_DIRECT_OBJC_ISA_USAGE = YES_ERROR;
				CLANG_WARN_DOCUMENTATION_COMMENTS = YES;
				CLANG_WARN_EMPTY_BODY = YES;
				CLANG_WARN_ENUM_CONVERSION = YES;
				CLANG_WARN_INFINITE_RECURSION = YES;
				CLANG_WARN_INT_CONVERSION = YES;
				CLANG_WARN_NON_LITERAL_NULL_CONVERSION = YES;
				CLANG_WARN_OBJC_IMPLICIT_RETAIN_SELF = YES;
				CLANG_WARN_OBJC_LITERAL_CONVERSION = YES;
				CLANG_WARN_OBJC_ROOT_CLASS = YES_ERROR;
				CLANG_WARN_QUOTED_INCLUDE_IN_FRAMEWORK_HEADER = YES;
				CLANG_WARN_RANGE_LOOP_ANALYSIS = YES;
				CLANG_WARN_STRICT_PROTOTYPES = YES;
				CLANG_WARN_SUSPICIOUS_MOVE = YES;
				CLANG_WARN_UNGUARDED_AVAILABILITY = YES_AGGRESSIVE;
				CLANG_WARN_UNREACHABLE_CODE = YES;
				CLANG_WARN__DUPLICATE_METHOD_MATCH = YES;
				COPY_PHASE_STRIP = NO;
				DEBUG_INFORMATION_FORMAT = dwarf;
				ENABLE_STRICT_OBJC_MSGSEND = YES;
				ENABLE_TESTABILITY = YES;
				GCC_C_LANGUAGE_STANDARD = gnu11;
				GCC_DYNAMIC_NO_PIC = NO;
				GCC_NO_COMMON_BLOCKS = YES;
				GCC_OPTIMIZATION_LEVEL = 0;
				GCC_PREPROCESSOR_DEFINITIONS = (
					"DEBUG=1",
					"$(inherited)",
				);
				GCC_WARN_64_TO_32_BIT_CONVERSION = YES;
				GCC_WARN_ABOUT_RETURN_TYPE = YES_ERROR;
				GCC_WARN_UNDECLARED_SELECTOR = YES;
				GCC_WARN_UNINITIALIZED_AUTOS = YES_AGGRESSIVE;
				GCC_WARN_UNUSED_FUNCTION = YES;
				GCC_WARN_UNUSED_VARIABLE = YES;
				IPHONEOS_DEPLOYMENT_TARGET = 16.0;
				MTL_ENABLE_DEBUG_INFO = INCLUDE_SOURCE;
				MTL_FAST_MATH = YES;
				ONLY_ACTIVE_ARCH = YES;
				SDKROOT = iphoneos;
				SWIFT_ACTIVE_COMPILATION_CONDITIONS = DEBUG;
				SWIFT_OPTIMIZATION_LEVEL = "-Onone";
			};
			name = Debug;
		};
		F696E9F6290EF87D00D2C698 /* Release */ = {
			isa = XCBuildConfiguration;
			buildSettings = {
				ALWAYS_SEARCH_USER_PATHS = NO;
				CLANG_ANALYZER_NONNULL = YES;
				CLANG_ANALYZER_NUMBER_OBJECT_CONVERSION = YES_AGGRESSIVE;
				CLANG_CXX_LANGUAGE_STANDARD = "gnu++20";
				CLANG_ENABLE_MODULES = YES;
				CLANG_ENABLE_OBJC_ARC = YES;
				CLANG_ENABLE_OBJC_WEAK = YES;
				CLANG_WARN_BLOCK_CAPTURE_AUTORELEASING = YES;
				CLANG_WARN_BOOL_CONVERSION = YES;
				CLANG_WARN_COMMA = YES;
				CLANG_WARN_CONSTANT_CONVERSION = YES;
				CLANG_WARN_DEPRECATED_OBJC_IMPLEMENTATIONS = YES;
				CLANG_WARN_DIRECT_OBJC_ISA_USAGE = YES_ERROR;
				CLANG_WARN_DOCUMENTATION_COMMENTS = YES;
				CLANG_WARN_EMPTY_BODY = YES;
				CLANG_WARN_ENUM_CONVERSION = YES;
				CLANG_WARN_INFINITE_RECURSION = YES;
				CLANG_WARN_INT_CONVERSION = YES;
				CLANG_WARN_NON_LITERAL_NULL_CONVERSION = YES;
				CLANG_WARN_OBJC_IMPLICIT_RETAIN_SELF = YES;
				CLANG_WARN_OBJC_LITERAL_CONVERSION = YES;
				CLANG_WARN_OBJC_ROOT_CLASS = YES_ERROR;
				CLANG_WARN_QUOTED_INCLUDE_IN_FRAMEWORK_HEADER = YES;
				CLANG_WARN_RANGE_LOOP_ANALYSIS = YES;
				CLANG_WARN_STRICT_PROTOTYPES = YES;
				CLANG_WARN_SUSPICIOUS_MOVE = YES;
				CLANG_WARN_UNGUARDED_AVAILABILITY = YES_AGGRESSIVE;
				CLANG_WARN_UNREACHABLE_CODE = YES;
				CLANG_WARN__DUPLICATE_METHOD_MATCH = YES;
				COPY_PHASE_STRIP = NO;
				DEBUG_INFORMATION_FORMAT = "dwarf-with-dsym";
				ENABLE_NS_ASSERTIONS = NO;
				ENABLE_STRICT_OBJC_MSGSEND = YES;
				GCC_C_LANGUAGE_STANDARD = gnu11;
				GCC_NO_COMMON_BLOCKS = YES;
				GCC_WARN_64_TO_32_BIT_CONVERSION = YES;
				GCC_WARN_ABOUT_RETURN_TYPE = YES_ERROR;
				GCC_WARN_UNDECLARED_SELECTOR = YES;
				GCC_WARN_UNINITIALIZED_AUTOS = YES_AGGRESSIVE;
				GCC_WARN_UNUSED_FUNCTION = YES;
				GCC_WARN_UNUSED_VARIABLE = YES;
				IPHONEOS_DEPLOYMENT_TARGET = 16.0;
				MTL_ENABLE_DEBUG_INFO = NO;
				MTL_FAST_MATH = YES;
				SDKROOT = iphoneos;
				SWIFT_COMPILATION_MODE = wholemodule;
				SWIFT_OPTIMIZATION_LEVEL = "-O";
				VALIDATE_PRODUCT = YES;
			};
			name = Release;
		};
		F696E9F8290EF87D00D2C698 /* Debug */ = {
			isa = XCBuildConfiguration;
			buildSettings = {
				ASSETCATALOG_COMPILER_APPICON_NAME = AppIcon;
				ASSETCATALOG_COMPILER_GLOBAL_ACCENT_COLOR_NAME = AccentColor;
				CODE_SIGN_STYLE = Automatic;
				CURRENT_PROJECT_VERSION = 1;
				DEVELOPMENT_TEAM = SG9Z94P6CY;
				GENERATE_INFOPLIST_FILE = YES;
				INFOPLIST_FILE = Musig/Resources/Info.plist;
				INFOPLIST_KEY_UIApplicationSupportsIndirectInputEvents = YES;
				INFOPLIST_KEY_UILaunchStoryboardName = LaunchScreen;
				INFOPLIST_KEY_UISupportedInterfaceOrientations_iPad = "UIInterfaceOrientationPortrait UIInterfaceOrientationPortraitUpsideDown UIInterfaceOrientationLandscapeLeft UIInterfaceOrientationLandscapeRight";
				INFOPLIST_KEY_UISupportedInterfaceOrientations_iPhone = "UIInterfaceOrientationPortrait UIInterfaceOrientationLandscapeLeft UIInterfaceOrientationLandscapeRight";
				LD_RUNPATH_SEARCH_PATHS = (
					"$(inherited)",
					"@executable_path/Frameworks",
				);
				MARKETING_VERSION = 1.0;
				PRODUCT_BUNDLE_IDENTIFIER = aden.Musig;
				PRODUCT_NAME = "$(TARGET_NAME)";
				SWIFT_EMIT_LOC_STRINGS = YES;
				SWIFT_VERSION = 5.0;
				TARGETED_DEVICE_FAMILY = "1,2";
			};
			name = Debug;
		};
		F696E9F9290EF87D00D2C698 /* Release */ = {
			isa = XCBuildConfiguration;
			buildSettings = {
				ASSETCATALOG_COMPILER_APPICON_NAME = AppIcon;
				ASSETCATALOG_COMPILER_GLOBAL_ACCENT_COLOR_NAME = AccentColor;
				CODE_SIGN_STYLE = Automatic;
				CURRENT_PROJECT_VERSION = 1;
				DEVELOPMENT_TEAM = SG9Z94P6CY;
				GENERATE_INFOPLIST_FILE = YES;
				INFOPLIST_FILE = Musig/Resources/Info.plist;
				INFOPLIST_KEY_UIApplicationSupportsIndirectInputEvents = YES;
				INFOPLIST_KEY_UILaunchStoryboardName = LaunchScreen;
				INFOPLIST_KEY_UISupportedInterfaceOrientations_iPad = "UIInterfaceOrientationPortrait UIInterfaceOrientationPortraitUpsideDown UIInterfaceOrientationLandscapeLeft UIInterfaceOrientationLandscapeRight";
				INFOPLIST_KEY_UISupportedInterfaceOrientations_iPhone = "UIInterfaceOrientationPortrait UIInterfaceOrientationLandscapeLeft UIInterfaceOrientationLandscapeRight";
				LD_RUNPATH_SEARCH_PATHS = (
					"$(inherited)",
					"@executable_path/Frameworks",
				);
				MARKETING_VERSION = 1.0;
				PRODUCT_BUNDLE_IDENTIFIER = aden.Musig;
				PRODUCT_NAME = "$(TARGET_NAME)";
				SWIFT_EMIT_LOC_STRINGS = YES;
				SWIFT_VERSION = 5.0;
				TARGETED_DEVICE_FAMILY = "1,2";
			};
			name = Release;
		};
/* End XCBuildConfiguration section */

/* Begin XCConfigurationList section */
		F696E9DE290EF87C00D2C698 /* Build configuration list for PBXProject "Musig" */ = {
			isa = XCConfigurationList;
			buildConfigurations = (
				F696E9F5290EF87D00D2C698 /* Debug */,
				F696E9F6290EF87D00D2C698 /* Release */,
			);
			defaultConfigurationIsVisible = 0;
			defaultConfigurationName = Release;
		};
		F696E9F7290EF87D00D2C698 /* Build configuration list for PBXNativeTarget "Musig" */ = {
			isa = XCConfigurationList;
			buildConfigurations = (
				F696E9F8290EF87D00D2C698 /* Debug */,
				F696E9F9290EF87D00D2C698 /* Release */,
			);
			defaultConfigurationIsVisible = 0;
			defaultConfigurationName = Release;
		};
/* End XCConfigurationList section */
	};
	rootObject = F696E9DB290EF87C00D2C698 /* Project object */;
}
